
Microsoft Visual Studio Solution File, Format Version 12.00
# Visual Studio Version 16
VisualStudioVersion = 16.0.30309.148
MinimumVisualStudioVersion = 10.0.40219.1
Project("{FAE04EC0-301F-11D3-BF4B-00C04F79EFBC}") = "Demowebform", "Demowebform\Demowebform.csproj", "{BFC3FF86-11AF-48A5-A86C-8C0478D9CEDE}"
EndProject
Global
	GlobalSection(SolutionConfigurationPlatforms) = preSolution
		Debug|Any CPU = Debug|Any CPU
		Release|Any CPU = Release|Any CPU
	EndGlobalSection
	GlobalSection(ProjectConfigurationPlatforms) = postSolution
		{BFC3FF86-11AF-48A5-A86C-8C0478D9CEDE}.Debug|Any CPU.ActiveCfg = Debug|Any CPU
		{BFC3FF86-11AF-48A5-A86C-8C0478D9CEDE}.Debug|Any CPU.Build.0 = Debug|Any CPU
		{BFC3FF86-11AF-48A5-A86C-8C0478D9CEDE}.Release|Any CPU.ActiveCfg = Release|Any CPU
		{BFC3FF86-11AF-48A5-A86C-8C0478D9CEDE}.Release|Any CPU.Build.0 = Release|Any CPU
	EndGlobalSection
	GlobalSection(SolutionProperties) = preSolution
		HideSolutionNode = FALSE
	EndGlobalSection
	GlobalSection(ExtensibilityGlobals) = postSolution
		SolutionGuid = {116BA9FE-A912-48E1-B8FF-40161E47246B}
	EndGlobalSection
EndGlobal
