
Microsoft Visual Studio Solution File, Format Version 12.00
# Visual Studio Version 16
VisualStudioVersion = 16.0.30204.135
MinimumVisualStudioVersion = 10.0.40219.1
Project("{FAE04EC0-301F-11D3-BF4B-00C04F79EFBC}") = "BaiTapVeNha", "BaiTapVeNha\BaiTapVeNha.csproj", "{7E0B3521-8381-41F4-847A-6EA7132A80A4}"
EndProject
Global
	GlobalSection(SolutionConfigurationPlatforms) = preSolution
		Debug|Any CPU = Debug|Any CPU
		Release|Any CPU = Release|Any CPU
	EndGlobalSection
	GlobalSection(ProjectConfigurationPlatforms) = postSolution
		{7E0B3521-8381-41F4-847A-6EA7132A80A4}.Debug|Any CPU.ActiveCfg = Debug|Any CPU
		{7E0B3521-8381-41F4-847A-6EA7132A80A4}.Debug|Any CPU.Build.0 = Debug|Any CPU
		{7E0B3521-8381-41F4-847A-6EA7132A80A4}.Release|Any CPU.ActiveCfg = Release|Any CPU
		{7E0B3521-8381-41F4-847A-6EA7132A80A4}.Release|Any CPU.Build.0 = Release|Any CPU
	EndGlobalSection
	GlobalSection(SolutionProperties) = preSolution
		HideSolutionNode = FALSE
	EndGlobalSection
	GlobalSection(ExtensibilityGlobals) = postSolution
		SolutionGuid = {EDDBF0C2-71D3-4B37-8F74-8377353A79C7}
	EndGlobalSection
EndGlobal
