
Microsoft Visual Studio Solution File, Format Version 12.00
# Visual Studio Version 16
VisualStudioVersion = 16.0.30128.74
MinimumVisualStudioVersion = 10.0.40219.1
Project("{FAE04EC0-301F-11D3-BF4B-00C04F79EFBC}") = "Buoi1_1", "Buoi1_1.csproj", "{AB0E69DA-A279-4550-B739-DB32FD60FFA5}"
EndProject
Global
	GlobalSection(SolutionConfigurationPlatforms) = preSolution
		Debug|Any CPU = Debug|Any CPU
		Release|Any CPU = Release|Any CPU
	EndGlobalSection
	GlobalSection(ProjectConfigurationPlatforms) = postSolution
		{AB0E69DA-A279-4550-B739-DB32FD60FFA5}.Debug|Any CPU.ActiveCfg = Debug|Any CPU
		{AB0E69DA-A279-4550-B739-DB32FD60FFA5}.Debug|Any CPU.Build.0 = Debug|Any CPU
		{AB0E69DA-A279-4550-B739-DB32FD60FFA5}.Release|Any CPU.ActiveCfg = Release|Any CPU
		{AB0E69DA-A279-4550-B739-DB32FD60FFA5}.Release|Any CPU.Build.0 = Release|Any CPU
	EndGlobalSection
	GlobalSection(SolutionProperties) = preSolution
		HideSolutionNode = FALSE
	EndGlobalSection
	GlobalSection(ExtensibilityGlobals) = postSolution
		SolutionGuid = {AC4C25C3-3468-4906-A8DE-50D2E32237B7}
	EndGlobalSection
EndGlobal
