
Microsoft Visual Studio Solution File, Format Version 12.00
# Visual Studio Version 16
VisualStudioVersion = 16.0.30204.135
MinimumVisualStudioVersion = 10.0.40219.1
Project("{FAE04EC0-301F-11D3-BF4B-00C04F79EFBC}") = "Buoi2_2", "Buoi2_2\Buoi2_2.csproj", "{3CC3B97D-8F01-4194-8735-C56F679F165B}"
EndProject
Project("{FAE04EC0-301F-11D3-BF4B-00C04F79EFBC}") = "DungLib", "DungLib\DungLib.csproj", "{A9052014-A082-4F3F-A2C7-9EA4BCCB29AF}"
EndProject
Global
	GlobalSection(SolutionConfigurationPlatforms) = preSolution
		Debug|Any CPU = Debug|Any CPU
		Release|Any CPU = Release|Any CPU
	EndGlobalSection
	GlobalSection(ProjectConfigurationPlatforms) = postSolution
		{3CC3B97D-8F01-4194-8735-C56F679F165B}.Debug|Any CPU.ActiveCfg = Debug|Any CPU
		{3CC3B97D-8F01-4194-8735-C56F679F165B}.Debug|Any CPU.Build.0 = Debug|Any CPU
		{3CC3B97D-8F01-4194-8735-C56F679F165B}.Release|Any CPU.ActiveCfg = Release|Any CPU
		{3CC3B97D-8F01-4194-8735-C56F679F165B}.Release|Any CPU.Build.0 = Release|Any CPU
		{A9052014-A082-4F3F-A2C7-9EA4BCCB29AF}.Debug|Any CPU.ActiveCfg = Debug|Any CPU
		{A9052014-A082-4F3F-A2C7-9EA4BCCB29AF}.Debug|Any CPU.Build.0 = Debug|Any CPU
		{A9052014-A082-4F3F-A2C7-9EA4BCCB29AF}.Release|Any CPU.ActiveCfg = Release|Any CPU
		{A9052014-A082-4F3F-A2C7-9EA4BCCB29AF}.Release|Any CPU.Build.0 = Release|Any CPU
	EndGlobalSection
	GlobalSection(SolutionProperties) = preSolution
		HideSolutionNode = FALSE
	EndGlobalSection
	GlobalSection(ExtensibilityGlobals) = postSolution
		SolutionGuid = {47453FB3-68F2-4EDD-8B57-4B187D6B6A0A}
	EndGlobalSection
EndGlobal
