
Microsoft Visual Studio Solution File, Format Version 12.00
# Visual Studio Version 16
VisualStudioVersion = 16.0.30204.135
MinimumVisualStudioVersion = 10.0.40219.1
Project("{FAE04EC0-301F-11D3-BF4B-00C04F79EFBC}") = "Demowinform", "Demowinform\Demowinform.csproj", "{19C9AD31-E89C-4A75-8788-2F0A7757DD31}"
EndProject
Global
	GlobalSection(SolutionConfigurationPlatforms) = preSolution
		Debug|Any CPU = Debug|Any CPU
		Release|Any CPU = Release|Any CPU
	EndGlobalSection
	GlobalSection(ProjectConfigurationPlatforms) = postSolution
		{19C9AD31-E89C-4A75-8788-2F0A7757DD31}.Debug|Any CPU.ActiveCfg = Debug|Any CPU
		{19C9AD31-E89C-4A75-8788-2F0A7757DD31}.Debug|Any CPU.Build.0 = Debug|Any CPU
		{19C9AD31-E89C-4A75-8788-2F0A7757DD31}.Release|Any CPU.ActiveCfg = Release|Any CPU
		{19C9AD31-E89C-4A75-8788-2F0A7757DD31}.Release|Any CPU.Build.0 = Release|Any CPU
	EndGlobalSection
	GlobalSection(SolutionProperties) = preSolution
		HideSolutionNode = FALSE
	EndGlobalSection
	GlobalSection(ExtensibilityGlobals) = postSolution
		SolutionGuid = {E964352E-2E67-49A7-81F0-57EE1C7C17AA}
	EndGlobalSection
EndGlobal
